{
  "name": "@microws/config",
  "version": "1.0.0",
  "lockfileVersion": 1,
  "requires": true,
  "dependencies": {
    "@microws/aws": {
      "version": "file:../aws",
      "requires": {
        "@types/node": "^12.0.7",
        "aws-sdk": "^2.470.0"
      }
    },
    "@microws/cache": {
      "version": "file:../cache"
    },
    "@types/lodash": {
      "version": "4.14.134",
      "resolved": "https://registry.npmjs.org/@types/lodash/-/lodash-4.14.134.tgz",
      "integrity": "sha512-2/O0khFUCFeDlbi7sZ7ZFRCcT812fAeOLm7Ev4KbwASkZ575TDrDcY7YyaoHdTOzKcNbfiwLYZqPmoC4wadrsw=="
    },
    "@types/lodash.merge": {
      "version": "4.6.6",
      "resolved": "https://registry.npmjs.org/@types/lodash.merge/-/lodash.merge-4.6.6.tgz",
      "integrity": "sha512-IB90krzMf7YpfgP3u/EvZEdXVvm4e3gJbUvh5ieuI+o+XqiNEt6fCzqNRaiLlPVScLI59RxIGZMQ3+Ko/DJ8vQ==",
      "requires": {
        "@types/lodash": "*"
      }
    },
    "@types/node": {
      "version": "12.0.7",
      "resolved": "https://registry.npmjs.org/@types/node/-/node-12.0.7.tgz",
      "integrity": "sha512-1YKeT4JitGgE4SOzyB9eMwO0nGVNkNEsm9qlIt1Lqm/tG2QEiSMTD4kS3aO6L+w5SClLVxALmIBESK6Mk5wX0A=="
    },
    "lodash.merge": {
      "version": "4.6.1",
      "resolved": "https://registry.npmjs.org/lodash.merge/-/lodash.merge-4.6.1.tgz",
      "integrity": "sha512-AOYza4+Hf5z1/0Hztxpm2/xiPZgi/cjMqdnKTUWTBSKchJlxXXuUSxCCl8rJlf4g6yww/j6mA8nC8Hw/EZWxKQ=="
    }
  }
}
